
Microsoft Visual Studio Solution File, Format Version 12.00
# Visual Studio Version 17
VisualStudioVersion = 17.7.34031.279
MinimumVisualStudioVersion = 10.0.40219.1
Project("{FAE04EC0-301F-11D3-BF4B-00C04F79EFBC}") = "Po cord", "Po cord\Po cord.csproj", "{AF4F9120-C478-430E-94B8-9B7CB90B9F24}"
EndProject
Global
	GlobalSection(SolutionConfigurationPlatforms) = preSolution
		Debug|Any CPU = Debug|Any CPU
		Release|Any CPU = Release|Any CPU
	EndGlobalSection
	GlobalSection(ProjectConfigurationPlatforms) = postSolution
		{AF4F9120-C478-430E-94B8-9B7CB90B9F24}.Debug|Any CPU.ActiveCfg = Debug|Any CPU
		{AF4F9120-C478-430E-94B8-9B7CB90B9F24}.Debug|Any CPU.Build.0 = Debug|Any CPU
		{AF4F9120-C478-430E-94B8-9B7CB90B9F24}.Release|Any CPU.ActiveCfg = Release|Any CPU
		{AF4F9120-C478-430E-94B8-9B7CB90B9F24}.Release|Any CPU.Build.0 = Release|Any CPU
	EndGlobalSection
	GlobalSection(SolutionProperties) = preSolution
		HideSolutionNode = FALSE
	EndGlobalSection
	GlobalSection(ExtensibilityGlobals) = postSolution
		SolutionGuid = {285D5B2A-ACC2-470D-A01F-EAD2264F0A94}
	EndGlobalSection
EndGlobal
